// !$*UTF8*$!
{
	archiveVersion = 1;
	classes = {
	};
	objectVersion = 50;
	objects = {

/* Begin PBXBuildFile section */
		528FEE4226E906D500A822B0 /* AppDelegate.swift in Sources */ = {isa = PBXBuildFile; fileRef = 528FEE4126E906D500A822B0 /* AppDelegate.swift */; };
		528FEE4426E906D500A822B0 /* SceneDelegate.swift in Sources */ = {isa = PBXBuildFile; fileRef = 528FEE4326E906D500A822B0 /* SceneDelegate.swift */; };
		528FEE4926E906D500A822B0 /* Main.storyboard in Resources */ = {isa = PBXBuildFile; fileRef = 528FEE4726E906D500A822B0 /* Main.storyboard */; };
		528FEE4B26E906D700A822B0 /* Assets.xcassets in Resources */ = {isa = PBXBuildFile; fileRef = 528FEE4A26E906D700A822B0 /* Assets.xcassets */; };
		528FEE4E26E906D700A822B0 /* LaunchScreen.storyboard in Resources */ = {isa = PBXBuildFile; fileRef = 528FEE4C26E906D700A822B0 /* LaunchScreen.storyboard */; };
		528FEE5626E90A3700A822B0 /* Company.swift in Sources */ = {isa = PBXBuildFile; fileRef = 528FEE5526E90A3700A822B0 /* Company.swift */; };
		528FEE5826E90AD200A822B0 /* EmployeesVC.swift in Sources */ = {isa = PBXBuildFile; fileRef = 528FEE5726E90AD200A822B0 /* EmployeesVC.swift */; };
		528FEE5C26E90B9000A822B0 /* NetworkManager.swift in Sources */ = {isa = PBXBuildFile; fileRef = 528FEE5B26E90B9000A822B0 /* NetworkManager.swift */; };
		528FEE6026EA30AF00A822B0 /* StoregeManager.swift in Sources */ = {isa = PBXBuildFile; fileRef = 528FEE5F26EA30AF00A822B0 /* StoregeManager.swift */; };
/* End PBXBuildFile section */

/* Begin PBXFileReference section */
		528FEE3E26E906D500A822B0 /* AvitoTrainee.app */ = {isa = PBXFileReference; explicitFileType = wrapper.application; includeInIndex = 0; path = AvitoTrainee.app; sourceTree = BUILT_PRODUCTS_DIR; };
		528FEE4126E906D500A822B0 /* AppDelegate.swift */ = {isa = PBXFileReference; lastKnownFileType = sourcecode.swift; path = AppDelegate.swift; sourceTree = "<group>"; };
		528FEE4326E906D500A822B0 /* SceneDelegate.swift */ = {isa = PBXFileReference; lastKnownFileType = sourcecode.swift; path = SceneDelegate.swift; sourceTree = "<group>"; };
		528FEE4826E906D500A822B0 /* Base */ = {isa = PBXFileReference; lastKnownFileType = file.storyboard; name = Base; path = Base.lproj/Main.storyboard; sourceTree = "<group>"; };
		528FEE4A26E906D700A822B0 /* Assets.xcassets */ = {isa = PBXFileReference; lastKnownFileType = folder.assetcatalog; path = Assets.xcassets; sourceTree = "<group>"; };
		528FEE4D26E906D700A822B0 /* Base */ = {isa = PBXFileReference; lastKnownFileType = file.storyboard; name = Base; path = Base.lproj/LaunchScreen.storyboard; sourceTree = "<group>"; };
		528FEE4F26E906D700A822B0 /* Info.plist */ = {isa = PBXFileReference; lastKnownFileType = text.plist.xml; path = Info.plist; sourceTree = "<group>"; };
		528FEE5526E90A3700A822B0 /* Company.swift */ = {isa = PBXFileReference; lastKnownFileType = sourcecode.swift; path = Company.swift; sourceTree = "<group>"; };
		528FEE5726E90AD200A822B0 /* EmployeesVC.swift */ = {isa = PBXFileReference; lastKnownFileType = sourcecode.swift; path = EmployeesVC.swift; sourceTree = "<group>"; };
		528FEE5B26E90B9000A822B0 /* NetworkManager.swift */ = {isa = PBXFileReference; lastKnownFileType = sourcecode.swift; path = NetworkManager.swift; sourceTree = "<group>"; };
		528FEE5F26EA30AF00A822B0 /* StoregeManager.swift */ = {isa = PBXFileReference; lastKnownFileType = sourcecode.swift; path = StoregeManager.swift; sourceTree = "<group>"; };
/* End PBXFileReference section */

/* Begin PBXFrameworksBuildPhase section */
		528FEE3B26E906D500A822B0 /* Frameworks */ = {
			isa = PBXFrameworksBuildPhase;
			buildActionMask = 2147483647;
			files = (
			);
			runOnlyForDeploymentPostprocessing = 0;
		};
/* End PBXFrameworksBuildPhase section */

/* Begin PBXGroup section */
		528FEE3526E906D500A822B0 = {
			isa = PBXGroup;
			children = (
				528FEE4026E906D500A822B0 /* AvitoTrainee */,
				528FEE3F26E906D500A822B0 /* Products */,
			);
			sourceTree = "<group>";
		};
		528FEE3F26E906D500A822B0 /* Products */ = {
			isa = PBXGroup;
			children = (
				528FEE3E26E906D500A822B0 /* AvitoTrainee.app */,
			);
			name = Products;
			sourceTree = "<group>";
		};
		528FEE4026E906D500A822B0 /* AvitoTrainee */ = {
			isa = PBXGroup;
			children = (
				528FEE4126E906D500A822B0 /* AppDelegate.swift */,
				528FEE4326E906D500A822B0 /* SceneDelegate.swift */,
				528FEE5B26E90B9000A822B0 /* NetworkManager.swift */,
				528FEE5F26EA30AF00A822B0 /* StoregeManager.swift */,
				528FEE5A26E90B5A00A822B0 /* Model */,
				528FEE5926E90AEF00A822B0 /* ViewController */,
				528FEE4A26E906D700A822B0 /* Assets.xcassets */,
				528FEE4C26E906D700A822B0 /* LaunchScreen.storyboard */,
				528FEE4726E906D500A822B0 /* Main.storyboard */,
				528FEE4F26E906D700A822B0 /* Info.plist */,
			);
			path = AvitoTrainee;
			sourceTree = "<group>";
		};
		528FEE5926E90AEF00A822B0 /* ViewController */ = {
			isa = PBXGroup;
			children = (
				528FEE5726E90AD200A822B0 /* EmployeesVC.swift */,
			);
			path = ViewController;
			sourceTree = "<group>";
		};
		528FEE5A26E90B5A00A822B0 /* Model */ = {
			isa = PBXGroup;
			children = (
				528FEE5526E90A3700A822B0 /* Company.swift */,
			);
			path = Model;
			sourceTree = "<group>";
		};
/* End PBXGroup section */

/* Begin PBXNativeTarget section */
		528FEE3D26E906D500A822B0 /* AvitoTrainee */ = {
			isa = PBXNativeTarget;
			buildConfigurationList = 528FEE5226E906D700A822B0 /* Build configuration list for PBXNativeTarget "AvitoTrainee" */;
			buildPhases = (
				528FEE3A26E906D500A822B0 /* Sources */,
				528FEE3B26E906D500A822B0 /* Frameworks */,
				528FEE3C26E906D500A822B0 /* Resources */,
			);
			buildRules = (
			);
			dependencies = (
			);
			name = AvitoTrainee;
			productName = AvitoTrainee;
			productReference = 528FEE3E26E906D500A822B0 /* AvitoTrainee.app */;
			productType = "com.apple.product-type.application";
		};
/* End PBXNativeTarget section */

/* Begin PBXProject section */
		528FEE3626E906D500A822B0 /* Project object */ = {
			isa = PBXProject;
			attributes = {
				LastSwiftUpdateCheck = 1250;
				LastUpgradeCheck = 1250;
				TargetAttributes = {
					528FEE3D26E906D500A822B0 = {
						CreatedOnToolsVersion = 12.5.1;
					};
				};
			};
			buildConfigurationList = 528FEE3926E906D500A822B0 /* Build configuration list for PBXProject "AvitoTrainee" */;
			compatibilityVersion = "Xcode 9.3";
			developmentRegion = en;
			hasScannedForEncodings = 0;
			knownRegions = (
				en,
				Base,
			);
			mainGroup = 528FEE3526E906D500A822B0;
			productRefGroup = 528FEE3F26E906D500A822B0 /* Products */;
			projectDirPath = "";
			projectRoot = "";
			targets = (
				528FEE3D26E906D500A822B0 /* AvitoTrainee */,
			);
		};
/* End PBXProject section */

/* Begin PBXResourcesBuildPhase section */
		528FEE3C26E906D500A822B0 /* Resources */ = {
			isa = PBXResourcesBuildPhase;
			buildActionMask = 2147483647;
			files = (
				528FEE4E26E906D700A822B0 /* LaunchScreen.storyboard in Resources */,
				528FEE4B26E906D700A822B0 /* Assets.xcassets in Resources */,
				528FEE4926E906D500A822B0 /* Main.storyboard in Resources */,
			);
			runOnlyForDeploymentPostprocessing = 0;
		};
/* End PBXResourcesBuildPhase section */

/* Begin PBXSourcesBuildPhase section */
		528FEE3A26E906D500A822B0 /* Sources */ = {
			isa = PBXSourcesBuildPhase;
			buildActionMask = 2147483647;
			files = (
				528FEE5826E90AD200A822B0 /* EmployeesVC.swift in Sources */,
				528FEE6026EA30AF00A822B0 /* StoregeManager.swift in Sources */,
				528FEE4226E906D500A822B0 /* AppDelegate.swift in Sources */,
				528FEE5C26E90B9000A822B0 /* NetworkManager.swift in Sources */,
				528FEE4426E906D500A822B0 /* SceneDelegate.swift in Sources */,
				528FEE5626E90A3700A822B0 /* Company.swift in Sources */,
			);
			runOnlyForDeploymentPostprocessing = 0;
		};
/* End PBXSourcesBuildPhase section */

/* Begin PBXVariantGroup section */
		528FEE4726E906D500A822B0 /* Main.storyboard */ = {
			isa = PBXVariantGroup;
			children = (
				528FEE4826E906D500A822B0 /* Base */,
			);
			name = Main.storyboard;
			sourceTree = "<group>";
		};
		528FEE4C26E906D700A822B0 /* LaunchScreen.storyboard */ = {
			isa = PBXVariantGroup;
			children = (
				528FEE4D26E906D700A822B0 /* Base */,
			);
			name = LaunchScreen.storyboard;
			sourceTree = "<group>";
		};
/* End PBXVariantGroup section */

/* Begin XCBuildConfiguration section */
		528FEE5026E906D700A822B0 /* Debug */ = {
			isa = XCBuildConfiguration;
			buildSettings = {
				ALWAYS_SEARCH_USER_PATHS = NO;
				CLANG_ANALYZER_NONNULL = YES;
				CLANG_ANALYZER_NUMBER_OBJECT_CONVERSION = YES_AGGRESSIVE;
				CLANG_CXX_LANGUAGE_STANDARD = "gnu++14";
				CLANG_CXX_LIBRARY = "libc++";
				CLANG_ENABLE_MODULES = YES;
				CLANG_ENABLE_OBJC_ARC = YES;
				CLANG_ENABLE_OBJC_WEAK = YES;
				CLANG_WARN_BLOCK_CAPTURE_AUTORELEASING = YES;
				CLANG_WARN_BOOL_CONVERSION = YES;
				CLANG_WARN_COMMA = YES;
				CLANG_WARN_CONSTANT_CONVERSION = YES;
				CLANG_WARN_DEPRECATED_OBJC_IMPLEMENTATIONS = YES;
				CLANG_WARN_DIRECT_OBJC_ISA_USAGE = YES_ERROR;
				CLANG_WARN_DOCUMENTATION_COMMENTS = YES;
				CLANG_WARN_EMPTY_BODY = YES;
				CLANG_WARN_ENUM_CONVERSION = YES;
				CLANG_WARN_INFINITE_RECURSION = YES;
				CLANG_WARN_INT_CONVERSION = YES;
				CLANG_WARN_NON_LITERAL_NULL_CONVERSION = YES;
				CLANG_WARN_OBJC_IMPLICIT_RETAIN_SELF = YES;
				CLANG_WARN_OBJC_LITERAL_CONVERSION = YES;
				CLANG_WARN_OBJC_ROOT_CLASS = YES_ERROR;
				CLANG_WARN_QUOTED_INCLUDE_IN_FRAMEWORK_HEADER = YES;
				CLANG_WARN_RANGE_LOOP_ANALYSIS = YES;
				CLANG_WARN_STRICT_PROTOTYPES = YES;
				CLANG_WARN_SUSPICIOUS_MOVE = YES;
				CLANG_WARN_UNGUARDED_AVAILABILITY = YES_AGGRESSIVE;
				CLANG_WARN_UNREACHABLE_CODE = YES;
				CLANG_WARN__DUPLICATE_METHOD_MATCH = YES;
				COPY_PHASE_STRIP = NO;
				DEBUG_INFORMATION_FORMAT = dwarf;
				ENABLE_STRICT_OBJC_MSGSEND = YES;
				ENABLE_TESTABILITY = YES;
				GCC_C_LANGUAGE_STANDARD = gnu11;
				GCC_DYNAMIC_NO_PIC = NO;
				GCC_NO_COMMON_BLOCKS = YES;
				GCC_OPTIMIZATION_LEVEL = 0;
				GCC_PREPROCESSOR_DEFINITIONS = (
					"DEBUG=1",
					"$(inherited)",
				);
				GCC_WARN_64_TO_32_BIT_CONVERSION = YES;
				GCC_WARN_ABOUT_RETURN_TYPE = YES_ERROR;
				GCC_WARN_UNDECLARED_SELECTOR = YES;
				GCC_WARN_UNINITIALIZED_AUTOS = YES_AGGRESSIVE;
				GCC_WARN_UNUSED_FUNCTION = YES;
				GCC_WARN_UNUSED_VARIABLE = YES;
				IPHONEOS_DEPLOYMENT_TARGET = 14.5;
				MTL_ENABLE_DEBUG_INFO = INCLUDE_SOURCE;
				MTL_FAST_MATH = YES;
				ONLY_ACTIVE_ARCH = YES;
				SDKROOT = iphoneos;
				SWIFT_ACTIVE_COMPILATION_CONDITIONS = DEBUG;
				SWIFT_OPTIMIZATION_LEVEL = "-Onone";
			};
			name = Debug;
		};
		528FEE5126E906D700A822B0 /* Release */ = {
			isa = XCBuildConfiguration;
			buildSettings = {
				ALWAYS_SEARCH_USER_PATHS = NO;
				CLANG_ANALYZER_NONNULL = YES;
				CLANG_ANALYZER_NUMBER_OBJECT_CONVERSION = YES_AGGRESSIVE;
				CLANG_CXX_LANGUAGE_STANDARD = "gnu++14";
				CLANG_CXX_LIBRARY = "libc++";
				CLANG_ENABLE_MODULES = YES;
				CLANG_ENABLE_OBJC_ARC = YES;
				CLANG_ENABLE_OBJC_WEAK = YES;
				CLANG_WARN_BLOCK_CAPTURE_AUTORELEASING = YES;
				CLANG_WARN_BOOL_CONVERSION = YES;
				CLANG_WARN_COMMA = YES;
				CLANG_WARN_CONSTANT_CONVERSION = YES;
				CLANG_WARN_DEPRECATED_OBJC_IMPLEMENTATIONS = YES;
				CLANG_WARN_DIRECT_OBJC_ISA_USAGE = YES_ERROR;
				CLANG_WARN_DOCUMENTATION_COMMENTS = YES;
				CLANG_WARN_EMPTY_BODY = YES;
				CLANG_WARN_ENUM_CONVERSION = YES;
				CLANG_WARN_INFINITE_RECURSION = YES;
				CLANG_WARN_INT_CONVERSION = YES;
				CLANG_WARN_NON_LITERAL_NULL_CONVERSION = YES;
				CLANG_WARN_OBJC_IMPLICIT_RETAIN_SELF = YES;
				CLANG_WARN_OBJC_LITERAL_CONVERSION = YES;
				CLANG_WARN_OBJC_ROOT_CLASS = YES_ERROR;
				CLANG_WARN_QUOTED_INCLUDE_IN_FRAMEWORK_HEADER = YES;
				CLANG_WARN_RANGE_LOOP_ANALYSIS = YES;
				CLANG_WARN_STRICT_PROTOTYPES = YES;
				CLANG_WARN_SUSPICIOUS_MOVE = YES;
				CLANG_WARN_UNGUARDED_AVAILABILITY = YES_AGGRESSIVE;
				CLANG_WARN_UNREACHABLE_CODE = YES;
				CLANG_WARN__DUPLICATE_METHOD_MATCH = YES;
				COPY_PHASE_STRIP = NO;
				DEBUG_INFORMATION_FORMAT = "dwarf-with-dsym";
				ENABLE_NS_ASSERTIONS = NO;
				ENABLE_STRICT_OBJC_MSGSEND = YES;
				GCC_C_LANGUAGE_STANDARD = gnu11;
				GCC_NO_COMMON_BLOCKS = YES;
				GCC_WARN_64_TO_32_BIT_CONVERSION = YES;
				GCC_WARN_ABOUT_RETURN_TYPE = YES_ERROR;
				GCC_WARN_UNDECLARED_SELECTOR = YES;
				GCC_WARN_UNINITIALIZED_AUTOS = YES_AGGRESSIVE;
				GCC_WARN_UNUSED_FUNCTION = YES;
				GCC_WARN_UNUSED_VARIABLE = YES;
				IPHONEOS_DEPLOYMENT_TARGET = 14.5;
				MTL_ENABLE_DEBUG_INFO = NO;
				MTL_FAST_MATH = YES;
				SDKROOT = iphoneos;
				SWIFT_COMPILATION_MODE = wholemodule;
				SWIFT_OPTIMIZATION_LEVEL = "-O";
				VALIDATE_PRODUCT = YES;
			};
			name = Release;
		};
		528FEE5326E906D700A822B0 /* Debug */ = {
			isa = XCBuildConfiguration;
			buildSettings = {
				ASSETCATALOG_COMPILER_APPICON_NAME = AppIcon;
				ASSETCATALOG_COMPILER_GLOBAL_ACCENT_COLOR_NAME = AccentColor;
				CODE_SIGN_STYLE = Automatic;
				INFOPLIST_FILE = AvitoTrainee/Info.plist;
				LD_RUNPATH_SEARCH_PATHS = (
					"$(inherited)",
					"@executable_path/Frameworks",
				);
				PRODUCT_BUNDLE_IDENTIFIER = ru.V9.AvitoTrainee;
				PRODUCT_NAME = "$(TARGET_NAME)";
				SWIFT_VERSION = 5.0;
				TARGETED_DEVICE_FAMILY = "1,2";
			};
			name = Debug;
		};
		528FEE5426E906D700A822B0 /* Release */ = {
			isa = XCBuildConfiguration;
			buildSettings = {
				ASSETCATALOG_COMPILER_APPICON_NAME = AppIcon;
				ASSETCATALOG_COMPILER_GLOBAL_ACCENT_COLOR_NAME = AccentColor;
				CODE_SIGN_STYLE = Automatic;
				INFOPLIST_FILE = AvitoTrainee/Info.plist;
				LD_RUNPATH_SEARCH_PATHS = (
					"$(inherited)",
					"@executable_path/Frameworks",
				);
				PRODUCT_BUNDLE_IDENTIFIER = ru.V9.AvitoTrainee;
				PRODUCT_NAME = "$(TARGET_NAME)";
				SWIFT_VERSION = 5.0;
				TARGETED_DEVICE_FAMILY = "1,2";
			};
			name = Release;
		};
/* End XCBuildConfiguration section */

/* Begin XCConfigurationList section */
		528FEE3926E906D500A822B0 /* Build configuration list for PBXProject "AvitoTrainee" */ = {
			isa = XCConfigurationList;
			buildConfigurations = (
				528FEE5026E906D700A822B0 /* Debug */,
				528FEE5126E906D700A822B0 /* Release */,
			);
			defaultConfigurationIsVisible = 0;
			defaultConfigurationName = Release;
		};
		528FEE5226E906D700A822B0 /* Build configuration list for PBXNativeTarget "AvitoTrainee" */ = {
			isa = XCConfigurationList;
			buildConfigurations = (
				528FEE5326E906D700A822B0 /* Debug */,
				528FEE5426E906D700A822B0 /* Release */,
			);
			defaultConfigurationIsVisible = 0;
			defaultConfigurationName = Release;
		};
/* End XCConfigurationList section */
	};
	rootObject = 528FEE3626E906D500A822B0 /* Project object */;
}
